
Microsoft Visual Studio Solution File, Format Version 12.00
# Visual Studio Version 17
VisualStudioVersion = 17.9.34902.65
MinimumVisualStudioVersion = 10.0.40219.1
Project("{FAE04EC0-301F-11D3-BF4B-00C04F79EFBC}") = "Calculator", "Calculator.csproj", "{CAA1F414-2C2F-440F-B8EB-35A68A4465A0}"
EndProject
Global
	GlobalSection(SolutionConfigurationPlatforms) = preSolution
		Debug|Any CPU = Debug|Any CPU
		Release|Any CPU = Release|Any CPU
	EndGlobalSection
	GlobalSection(ProjectConfigurationPlatforms) = postSolution
		{CAA1F414-2C2F-440F-B8EB-35A68A4465A0}.Debug|Any CPU.ActiveCfg = Debug|Any CPU
		{CAA1F414-2C2F-440F-B8EB-35A68A4465A0}.Debug|Any CPU.Build.0 = Debug|Any CPU
		{CAA1F414-2C2F-440F-B8EB-35A68A4465A0}.Release|Any CPU.ActiveCfg = Release|Any CPU
		{CAA1F414-2C2F-440F-B8EB-35A68A4465A0}.Release|Any CPU.Build.0 = Release|Any CPU
	EndGlobalSection
	GlobalSection(SolutionProperties) = preSolution
		HideSolutionNode = FALSE
	EndGlobalSection
	GlobalSection(ExtensibilityGlobals) = postSolution
		SolutionGuid = {8953ADAD-F9C4-4AAB-9A8E-796B86240BA7}
	EndGlobalSection
EndGlobal
